// !$*UTF8*$!
{
	archiveVersion = 1;
	classes = {
	};
	objectVersion = 56;
	objects = {

/* Begin PBXBuildFile section */
		1D407A1629F283F7003A39CD /* Days.swift in Sources */ = {isa = PBXBuildFile; fileRef = 1D407A1529F283F7003A39CD /* Days.swift */; };
		1D90AC0F29F0290F0010BF9C /* CalendarView.swift in Sources */ = {isa = PBXBuildFile; fileRef = 1D90AC0E29F0290F0010BF9C /* CalendarView.swift */; };
		1D90AC1229F0299E0010BF9C /* FSCalendar in Frameworks */ = {isa = PBXBuildFile; productRef = 1D90AC1129F0299E0010BF9C /* FSCalendar */; };
		1D90AC1429F045690010BF9C /* AddNewHabitView.swift in Sources */ = {isa = PBXBuildFile; fileRef = 1D90AC1329F045690010BF9C /* AddNewHabitView.swift */; };
		1DE2AA8B29EE8A9400C5B044 /* FU_HabitTrackerApp.swift in Sources */ = {isa = PBXBuildFile; fileRef = 1DE2AA8A29EE8A9400C5B044 /* FU_HabitTrackerApp.swift */; };
		1DE2AA8D29EE8A9400C5B044 /* ContentView.swift in Sources */ = {isa = PBXBuildFile; fileRef = 1DE2AA8C29EE8A9400C5B044 /* ContentView.swift */; };
		1DE2AA8F29EE8A9700C5B044 /* Assets.xcassets in Resources */ = {isa = PBXBuildFile; fileRef = 1DE2AA8E29EE8A9700C5B044 /* Assets.xcassets */; };
		1DE2AA9229EE8A9700C5B044 /* Preview Assets.xcassets in Resources */ = {isa = PBXBuildFile; fileRef = 1DE2AA9129EE8A9700C5B044 /* Preview Assets.xcassets */; };
		1DE2AA9C29EE8A9700C5B044 /* FU_HabitTrackerTests.swift in Sources */ = {isa = PBXBuildFile; fileRef = 1DE2AA9B29EE8A9700C5B044 /* FU_HabitTrackerTests.swift */; };
		1DE2AAA629EE8A9700C5B044 /* FU_HabitTrackerUITests.swift in Sources */ = {isa = PBXBuildFile; fileRef = 1DE2AAA529EE8A9700C5B044 /* FU_HabitTrackerUITests.swift */; };
		1DE2AAA829EE8A9700C5B044 /* FU_HabitTrackerUITestsLaunchTests.swift in Sources */ = {isa = PBXBuildFile; fileRef = 1DE2AAA729EE8A9700C5B044 /* FU_HabitTrackerUITestsLaunchTests.swift */; };
		1DE2AAB529EE8D7F00C5B044 /* Habit.swift in Sources */ = {isa = PBXBuildFile; fileRef = 1DE2AAB429EE8D7F00C5B044 /* Habit.swift */; };
		1DE2AAB729EE8DC000C5B044 /* HabitListVM.swift in Sources */ = {isa = PBXBuildFile; fileRef = 1DE2AAB629EE8DC000C5B044 /* HabitListVM.swift */; };
		1DE2AABB29EE8EB400C5B044 /* GoogleService-Info.plist in Resources */ = {isa = PBXBuildFile; fileRef = 1DE2AABA29EE8EB400C5B044 /* GoogleService-Info.plist */; };
		1DE2AABE29EE8EFF00C5B044 /* FirebaseAuth in Frameworks */ = {isa = PBXBuildFile; productRef = 1DE2AABD29EE8EFF00C5B044 /* FirebaseAuth */; };
		1DE2AAC029EE8EFF00C5B044 /* FirebaseFirestore in Frameworks */ = {isa = PBXBuildFile; productRef = 1DE2AABF29EE8EFF00C5B044 /* FirebaseFirestore */; };
		1DE2AAC229EE8EFF00C5B044 /* FirebaseFirestoreSwift in Frameworks */ = {isa = PBXBuildFile; productRef = 1DE2AAC129EE8EFF00C5B044 /* FirebaseFirestoreSwift */; };
		1DE2AAC429EE995600C5B044 /* SignInView.swift in Sources */ = {isa = PBXBuildFile; fileRef = 1DE2AAC329EE995600C5B044 /* SignInView.swift */; };
		1DE2AAC829EE99B200C5B044 /* HabitListView.swift in Sources */ = {isa = PBXBuildFile; fileRef = 1DE2AAC729EE99B200C5B044 /* HabitListView.swift */; };
		1DE2AACA29EE99F700C5B044 /* RowView.swift in Sources */ = {isa = PBXBuildFile; fileRef = 1DE2AAC929EE99F700C5B044 /* RowView.swift */; };
		1DE2AACD29EE9C7B00C5B044 /* Extensions.swift in Sources */ = {isa = PBXBuildFile; fileRef = 1DE2AACC29EE9C7B00C5B044 /* Extensions.swift */; };
/* End PBXBuildFile section */

/* Begin PBXContainerItemProxy section */
		1DE2AA9829EE8A9700C5B044 /* PBXContainerItemProxy */ = {
			isa = PBXContainerItemProxy;
			containerPortal = 1DE2AA7F29EE8A9400C5B044 /* Project object */;
			proxyType = 1;
			remoteGlobalIDString = 1DE2AA8629EE8A9400C5B044;
			remoteInfo = "FU-HabitTracker";
		};
		1DE2AAA229EE8A9700C5B044 /* PBXContainerItemProxy */ = {
			isa = PBXContainerItemProxy;
			containerPortal = 1DE2AA7F29EE8A9400C5B044 /* Project object */;
			proxyType = 1;
			remoteGlobalIDString = 1DE2AA8629EE8A9400C5B044;
			remoteInfo = "FU-HabitTracker";
		};
/* End PBXContainerItemProxy section */

/* Begin PBXFileReference section */
		1D407A1529F283F7003A39CD /* Days.swift */ = {isa = PBXFileReference; lastKnownFileType = sourcecode.swift; path = Days.swift; sourceTree = "<group>"; };
		1D90AC0E29F0290F0010BF9C /* CalendarView.swift */ = {isa = PBXFileReference; lastKnownFileType = sourcecode.swift; path = CalendarView.swift; sourceTree = "<group>"; };
		1D90AC1329F045690010BF9C /* AddNewHabitView.swift */ = {isa = PBXFileReference; lastKnownFileType = sourcecode.swift; path = AddNewHabitView.swift; sourceTree = "<group>"; };
		1DE2AA8729EE8A9400C5B044 /* FU-HabitTracker.app */ = {isa = PBXFileReference; explicitFileType = wrapper.application; includeInIndex = 0; path = "FU-HabitTracker.app"; sourceTree = BUILT_PRODUCTS_DIR; };
		1DE2AA8A29EE8A9400C5B044 /* FU_HabitTrackerApp.swift */ = {isa = PBXFileReference; lastKnownFileType = sourcecode.swift; path = FU_HabitTrackerApp.swift; sourceTree = "<group>"; };
		1DE2AA8C29EE8A9400C5B044 /* ContentView.swift */ = {isa = PBXFileReference; lastKnownFileType = sourcecode.swift; path = ContentView.swift; sourceTree = "<group>"; };
		1DE2AA8E29EE8A9700C5B044 /* Assets.xcassets */ = {isa = PBXFileReference; lastKnownFileType = folder.assetcatalog; path = Assets.xcassets; sourceTree = "<group>"; };
		1DE2AA9129EE8A9700C5B044 /* Preview Assets.xcassets */ = {isa = PBXFileReference; lastKnownFileType = folder.assetcatalog; path = "Preview Assets.xcassets"; sourceTree = "<group>"; };
		1DE2AA9729EE8A9700C5B044 /* FU-HabitTrackerTests.xctest */ = {isa = PBXFileReference; explicitFileType = wrapper.cfbundle; includeInIndex = 0; path = "FU-HabitTrackerTests.xctest"; sourceTree = BUILT_PRODUCTS_DIR; };
		1DE2AA9B29EE8A9700C5B044 /* FU_HabitTrackerTests.swift */ = {isa = PBXFileReference; lastKnownFileType = sourcecode.swift; path = FU_HabitTrackerTests.swift; sourceTree = "<group>"; };
		1DE2AAA129EE8A9700C5B044 /* FU-HabitTrackerUITests.xctest */ = {isa = PBXFileReference; explicitFileType = wrapper.cfbundle; includeInIndex = 0; path = "FU-HabitTrackerUITests.xctest"; sourceTree = BUILT_PRODUCTS_DIR; };
		1DE2AAA529EE8A9700C5B044 /* FU_HabitTrackerUITests.swift */ = {isa = PBXFileReference; lastKnownFileType = sourcecode.swift; path = FU_HabitTrackerUITests.swift; sourceTree = "<group>"; };
		1DE2AAA729EE8A9700C5B044 /* FU_HabitTrackerUITestsLaunchTests.swift */ = {isa = PBXFileReference; lastKnownFileType = sourcecode.swift; path = FU_HabitTrackerUITestsLaunchTests.swift; sourceTree = "<group>"; };
		1DE2AAB429EE8D7F00C5B044 /* Habit.swift */ = {isa = PBXFileReference; lastKnownFileType = sourcecode.swift; path = Habit.swift; sourceTree = "<group>"; };
		1DE2AAB629EE8DC000C5B044 /* HabitListVM.swift */ = {isa = PBXFileReference; lastKnownFileType = sourcecode.swift; path = HabitListVM.swift; sourceTree = "<group>"; };
		1DE2AABA29EE8EB400C5B044 /* GoogleService-Info.plist */ = {isa = PBXFileReference; fileEncoding = 4; lastKnownFileType = text.plist.xml; path = "GoogleService-Info.plist"; sourceTree = "<group>"; };
		1DE2AAC329EE995600C5B044 /* SignInView.swift */ = {isa = PBXFileReference; lastKnownFileType = sourcecode.swift; path = SignInView.swift; sourceTree = "<group>"; };
		1DE2AAC729EE99B200C5B044 /* HabitListView.swift */ = {isa = PBXFileReference; lastKnownFileType = sourcecode.swift; path = HabitListView.swift; sourceTree = "<group>"; };
		1DE2AAC929EE99F700C5B044 /* RowView.swift */ = {isa = PBXFileReference; lastKnownFileType = sourcecode.swift; path = RowView.swift; sourceTree = "<group>"; };
		1DE2AACC29EE9C7B00C5B044 /* Extensions.swift */ = {isa = PBXFileReference; lastKnownFileType = sourcecode.swift; path = Extensions.swift; sourceTree = "<group>"; };
/* End PBXFileReference section */

/* Begin PBXFrameworksBuildPhase section */
		1DE2AA8429EE8A9400C5B044 /* Frameworks */ = {
			isa = PBXFrameworksBuildPhase;
			buildActionMask = 2147483647;
			files = (
				1DE2AABE29EE8EFF00C5B044 /* FirebaseAuth in Frameworks */,
				1D90AC1229F0299E0010BF9C /* FSCalendar in Frameworks */,
				1DE2AAC029EE8EFF00C5B044 /* FirebaseFirestore in Frameworks */,
				1DE2AAC229EE8EFF00C5B044 /* FirebaseFirestoreSwift in Frameworks */,
			);
			runOnlyForDeploymentPostprocessing = 0;
		};
		1DE2AA9429EE8A9700C5B044 /* Frameworks */ = {
			isa = PBXFrameworksBuildPhase;
			buildActionMask = 2147483647;
			files = (
			);
			runOnlyForDeploymentPostprocessing = 0;
		};
		1DE2AA9E29EE8A9700C5B044 /* Frameworks */ = {
			isa = PBXFrameworksBuildPhase;
			buildActionMask = 2147483647;
			files = (
			);
			runOnlyForDeploymentPostprocessing = 0;
		};
/* End PBXFrameworksBuildPhase section */

/* Begin PBXGroup section */
		1D898A8229F91AFB00046B0E /* Model */ = {
			isa = PBXGroup;
			children = (
				1D407A1529F283F7003A39CD /* Days.swift */,
				1DE2AAB429EE8D7F00C5B044 /* Habit.swift */,
			);
			path = Model;
			sourceTree = "<group>";
		};
		1DE2AA7E29EE8A9400C5B044 = {
			isa = PBXGroup;
			children = (
				1DE2AA8929EE8A9400C5B044 /* FU-HabitTracker */,
				1DE2AA9A29EE8A9700C5B044 /* FU-HabitTrackerTests */,
				1DE2AAA429EE8A9700C5B044 /* FU-HabitTrackerUITests */,
				1DE2AA8829EE8A9400C5B044 /* Products */,
			);
			sourceTree = "<group>";
		};
		1DE2AA8829EE8A9400C5B044 /* Products */ = {
			isa = PBXGroup;
			children = (
				1DE2AA8729EE8A9400C5B044 /* FU-HabitTracker.app */,
				1DE2AA9729EE8A9700C5B044 /* FU-HabitTrackerTests.xctest */,
				1DE2AAA129EE8A9700C5B044 /* FU-HabitTrackerUITests.xctest */,
			);
			name = Products;
			sourceTree = "<group>";
		};
		1DE2AA8929EE8A9400C5B044 /* FU-HabitTracker */ = {
			isa = PBXGroup;
			children = (
				1DE2AACB29EE9A1500C5B044 /* Views */,
				1DE2AABA29EE8EB400C5B044 /* GoogleService-Info.plist */,
				1DE2AA8A29EE8A9400C5B044 /* FU_HabitTrackerApp.swift */,
				1DE2AA8E29EE8A9700C5B044 /* Assets.xcassets */,
				1DE2AA9029EE8A9700C5B044 /* Preview Content */,
				1DE2AAB629EE8DC000C5B044 /* HabitListVM.swift */,
				1DE2AACC29EE9C7B00C5B044 /* Extensions.swift */,
				1D898A8229F91AFB00046B0E /* Model */,
			);
			path = "FU-HabitTracker";
			sourceTree = "<group>";
		};
		1DE2AA9029EE8A9700C5B044 /* Preview Content */ = {
			isa = PBXGroup;
			children = (
				1DE2AA9129EE8A9700C5B044 /* Preview Assets.xcassets */,
			);
			path = "Preview Content";
			sourceTree = "<group>";
		};
		1DE2AA9A29EE8A9700C5B044 /* FU-HabitTrackerTests */ = {
			isa = PBXGroup;
			children = (
				1DE2AA9B29EE8A9700C5B044 /* FU_HabitTrackerTests.swift */,
			);
			path = "FU-HabitTrackerTests";
			sourceTree = "<group>";
		};
		1DE2AAA429EE8A9700C5B044 /* FU-HabitTrackerUITests */ = {
			isa = PBXGroup;
			children = (
				1DE2AAA529EE8A9700C5B044 /* FU_HabitTrackerUITests.swift */,
				1DE2AAA729EE8A9700C5B044 /* FU_HabitTrackerUITestsLaunchTests.swift */,
			);
			path = "FU-HabitTrackerUITests";
			sourceTree = "<group>";
		};
		1DE2AACB29EE9A1500C5B044 /* Views */ = {
			isa = PBXGroup;
			children = (
				1DE2AAC729EE99B200C5B044 /* HabitListView.swift */,
				1DE2AAC929EE99F700C5B044 /* RowView.swift */,
				1DE2AAC329EE995600C5B044 /* SignInView.swift */,
				1DE2AA8C29EE8A9400C5B044 /* ContentView.swift */,
				1D90AC0E29F0290F0010BF9C /* CalendarView.swift */,
				1D90AC1329F045690010BF9C /* AddNewHabitView.swift */,
			);
			path = Views;
			sourceTree = "<group>";
		};
/* End PBXGroup section */

/* Begin PBXNativeTarget section */
		1DE2AA8629EE8A9400C5B044 /* FU-HabitTracker */ = {
			isa = PBXNativeTarget;
			buildConfigurationList = 1DE2AAAB29EE8A9700C5B044 /* Build configuration list for PBXNativeTarget "FU-HabitTracker" */;
			buildPhases = (
				1DE2AA8329EE8A9400C5B044 /* Sources */,
				1DE2AA8429EE8A9400C5B044 /* Frameworks */,
				1DE2AA8529EE8A9400C5B044 /* Resources */,
			);
			buildRules = (
			);
			dependencies = (
			);
			name = "FU-HabitTracker";
			packageProductDependencies = (
				1DE2AABD29EE8EFF00C5B044 /* FirebaseAuth */,
				1DE2AABF29EE8EFF00C5B044 /* FirebaseFirestore */,
				1DE2AAC129EE8EFF00C5B044 /* FirebaseFirestoreSwift */,
				1D90AC1129F0299E0010BF9C /* FSCalendar */,
			);
			productName = "FU-HabitTracker";
			productReference = 1DE2AA8729EE8A9400C5B044 /* FU-HabitTracker.app */;
			productType = "com.apple.product-type.application";
		};
		1DE2AA9629EE8A9700C5B044 /* FU-HabitTrackerTests */ = {
			isa = PBXNativeTarget;
			buildConfigurationList = 1DE2AAAE29EE8A9700C5B044 /* Build configuration list for PBXNativeTarget "FU-HabitTrackerTests" */;
			buildPhases = (
				1DE2AA9329EE8A9700C5B044 /* Sources */,
				1DE2AA9429EE8A9700C5B044 /* Frameworks */,
				1DE2AA9529EE8A9700C5B044 /* Resources */,
			);
			buildRules = (
			);
			dependencies = (
				1DE2AA9929EE8A9700C5B044 /* PBXTargetDependency */,
			);
			name = "FU-HabitTrackerTests";
			productName = "FU-HabitTrackerTests";
			productReference = 1DE2AA9729EE8A9700C5B044 /* FU-HabitTrackerTests.xctest */;
			productType = "com.apple.product-type.bundle.unit-test";
		};
		1DE2AAA029EE8A9700C5B044 /* FU-HabitTrackerUITests */ = {
			isa = PBXNativeTarget;
			buildConfigurationList = 1DE2AAB129EE8A9700C5B044 /* Build configuration list for PBXNativeTarget "FU-HabitTrackerUITests" */;
			buildPhases = (
				1DE2AA9D29EE8A9700C5B044 /* Sources */,
				1DE2AA9E29EE8A9700C5B044 /* Frameworks */,
				1DE2AA9F29EE8A9700C5B044 /* Resources */,
			);
			buildRules = (
			);
			dependencies = (
				1DE2AAA329EE8A9700C5B044 /* PBXTargetDependency */,
			);
			name = "FU-HabitTrackerUITests";
			productName = "FU-HabitTrackerUITests";
			productReference = 1DE2AAA129EE8A9700C5B044 /* FU-HabitTrackerUITests.xctest */;
			productType = "com.apple.product-type.bundle.ui-testing";
		};
/* End PBXNativeTarget section */

/* Begin PBXProject section */
		1DE2AA7F29EE8A9400C5B044 /* Project object */ = {
			isa = PBXProject;
			attributes = {
				BuildIndependentTargetsInParallel = 1;
				LastSwiftUpdateCheck = 1430;
				LastUpgradeCheck = 1430;
				TargetAttributes = {
					1DE2AA8629EE8A9400C5B044 = {
						CreatedOnToolsVersion = 14.3;
					};
					1DE2AA9629EE8A9700C5B044 = {
						CreatedOnToolsVersion = 14.3;
						TestTargetID = 1DE2AA8629EE8A9400C5B044;
					};
					1DE2AAA029EE8A9700C5B044 = {
						CreatedOnToolsVersion = 14.3;
						TestTargetID = 1DE2AA8629EE8A9400C5B044;
					};
				};
			};
			buildConfigurationList = 1DE2AA8229EE8A9400C5B044 /* Build configuration list for PBXProject "FU-HabitTracker" */;
			compatibilityVersion = "Xcode 14.0";
			developmentRegion = en;
			hasScannedForEncodings = 0;
			knownRegions = (
				en,
				Base,
			);
			mainGroup = 1DE2AA7E29EE8A9400C5B044;
			packageReferences = (
				1DE2AABC29EE8EFF00C5B044 /* XCRemoteSwiftPackageReference "firebase-ios-sdk" */,
				1D90AC1029F0299D0010BF9C /* XCRemoteSwiftPackageReference "FSCalendar" */,
			);
			productRefGroup = 1DE2AA8829EE8A9400C5B044 /* Products */;
			projectDirPath = "";
			projectRoot = "";
			targets = (
				1DE2AA8629EE8A9400C5B044 /* FU-HabitTracker */,
				1DE2AA9629EE8A9700C5B044 /* FU-HabitTrackerTests */,
				1DE2AAA029EE8A9700C5B044 /* FU-HabitTrackerUITests */,
			);
		};
/* End PBXProject section */

/* Begin PBXResourcesBuildPhase section */
		1DE2AA8529EE8A9400C5B044 /* Resources */ = {
			isa = PBXResourcesBuildPhase;
			buildActionMask = 2147483647;
			files = (
				1DE2AA9229EE8A9700C5B044 /* Preview Assets.xcassets in Resources */,
				1DE2AA8F29EE8A9700C5B044 /* Assets.xcassets in Resources */,
				1DE2AABB29EE8EB400C5B044 /* GoogleService-Info.plist in Resources */,
			);
			runOnlyForDeploymentPostprocessing = 0;
		};
		1DE2AA9529EE8A9700C5B044 /* Resources */ = {
			isa = PBXResourcesBuildPhase;
			buildActionMask = 2147483647;
			files = (
			);
			runOnlyForDeploymentPostprocessing = 0;
		};
		1DE2AA9F29EE8A9700C5B044 /* Resources */ = {
			isa = PBXResourcesBuildPhase;
			buildActionMask = 2147483647;
			files = (
			);
			runOnlyForDeploymentPostprocessing = 0;
		};
/* End PBXResourcesBuildPhase section */

/* Begin PBXSourcesBuildPhase section */
		1DE2AA8329EE8A9400C5B044 /* Sources */ = {
			isa = PBXSourcesBuildPhase;
			buildActionMask = 2147483647;
			files = (
				1DE2AAB529EE8D7F00C5B044 /* Habit.swift in Sources */,
				1DE2AA8D29EE8A9400C5B044 /* ContentView.swift in Sources */,
				1DE2AACA29EE99F700C5B044 /* RowView.swift in Sources */,
				1D407A1629F283F7003A39CD /* Days.swift in Sources */,
				1DE2AACD29EE9C7B00C5B044 /* Extensions.swift in Sources */,
				1DE2AA8B29EE8A9400C5B044 /* FU_HabitTrackerApp.swift in Sources */,
				1D90AC0F29F0290F0010BF9C /* CalendarView.swift in Sources */,
				1DE2AAC829EE99B200C5B044 /* HabitListView.swift in Sources */,
				1DE2AAB729EE8DC000C5B044 /* HabitListVM.swift in Sources */,
				1DE2AAC429EE995600C5B044 /* SignInView.swift in Sources */,
				1D90AC1429F045690010BF9C /* AddNewHabitView.swift in Sources */,
			);
			runOnlyForDeploymentPostprocessing = 0;
		};
		1DE2AA9329EE8A9700C5B044 /* Sources */ = {
			isa = PBXSourcesBuildPhase;
			buildActionMask = 2147483647;
			files = (
				1DE2AA9C29EE8A9700C5B044 /* FU_HabitTrackerTests.swift in Sources */,
			);
			runOnlyForDeploymentPostprocessing = 0;
		};
		1DE2AA9D29EE8A9700C5B044 /* Sources */ = {
			isa = PBXSourcesBuildPhase;
			buildActionMask = 2147483647;
			files = (
				1DE2AAA629EE8A9700C5B044 /* FU_HabitTrackerUITests.swift in Sources */,
				1DE2AAA829EE8A9700C5B044 /* FU_HabitTrackerUITestsLaunchTests.swift in Sources */,
			);
			runOnlyForDeploymentPostprocessing = 0;
		};
/* End PBXSourcesBuildPhase section */

/* Begin PBXTargetDependency section */
		1DE2AA9929EE8A9700C5B044 /* PBXTargetDependency */ = {
			isa = PBXTargetDependency;
			target = 1DE2AA8629EE8A9400C5B044 /* FU-HabitTracker */;
			targetProxy = 1DE2AA9829EE8A9700C5B044 /* PBXContainerItemProxy */;
		};
		1DE2AAA329EE8A9700C5B044 /* PBXTargetDependency */ = {
			isa = PBXTargetDependency;
			target = 1DE2AA8629EE8A9400C5B044 /* FU-HabitTracker */;
			targetProxy = 1DE2AAA229EE8A9700C5B044 /* PBXContainerItemProxy */;
		};
/* End PBXTargetDependency section */

/* Begin XCBuildConfiguration section */
		1DE2AAA929EE8A9700C5B044 /* Debug */ = {
			isa = XCBuildConfiguration;
			buildSettings = {
				ALWAYS_SEARCH_USER_PATHS = NO;
				CLANG_ANALYZER_NONNULL = YES;
				CLANG_ANALYZER_NUMBER_OBJECT_CONVERSION = YES_AGGRESSIVE;
				CLANG_CXX_LANGUAGE_STANDARD = "gnu++20";
				CLANG_ENABLE_MODULES = YES;
				CLANG_ENABLE_OBJC_ARC = YES;
				CLANG_ENABLE_OBJC_WEAK = YES;
				CLANG_WARN_BLOCK_CAPTURE_AUTORELEASING = YES;
				CLANG_WARN_BOOL_CONVERSION = YES;
				CLANG_WARN_COMMA = YES;
				CLANG_WARN_CONSTANT_CONVERSION = YES;
				CLANG_WARN_DEPRECATED_OBJC_IMPLEMENTATIONS = YES;
				CLANG_WARN_DIRECT_OBJC_ISA_USAGE = YES_ERROR;
				CLANG_WARN_DOCUMENTATION_COMMENTS = YES;
				CLANG_WARN_EMPTY_BODY = YES;
				CLANG_WARN_ENUM_CONVERSION = YES;
				CLANG_WARN_INFINITE_RECURSION = YES;
				CLANG_WARN_INT_CONVERSION = YES;
				CLANG_WARN_NON_LITERAL_NULL_CONVERSION = YES;
				CLANG_WARN_OBJC_IMPLICIT_RETAIN_SELF = YES;
				CLANG_WARN_OBJC_LITERAL_CONVERSION = YES;
				CLANG_WARN_OBJC_ROOT_CLASS = YES_ERROR;
				CLANG_WARN_QUOTED_INCLUDE_IN_FRAMEWORK_HEADER = YES;
				CLANG_WARN_RANGE_LOOP_ANALYSIS = YES;
				CLANG_WARN_STRICT_PROTOTYPES = YES;
				CLANG_WARN_SUSPICIOUS_MOVE = YES;
				CLANG_WARN_UNGUARDED_AVAILABILITY = YES_AGGRESSIVE;
				CLANG_WARN_UNREACHABLE_CODE = YES;
				CLANG_WARN__DUPLICATE_METHOD_MATCH = YES;
				COPY_PHASE_STRIP = NO;
				DEBUG_INFORMATION_FORMAT = dwarf;
				ENABLE_STRICT_OBJC_MSGSEND = YES;
				ENABLE_TESTABILITY = YES;
				GCC_C_LANGUAGE_STANDARD = gnu11;
				GCC_DYNAMIC_NO_PIC = NO;
				GCC_NO_COMMON_BLOCKS = YES;
				GCC_OPTIMIZATION_LEVEL = 0;
				GCC_PREPROCESSOR_DEFINITIONS = (
					"DEBUG=1",
					"$(inherited)",
				);
				GCC_WARN_64_TO_32_BIT_CONVERSION = YES;
				GCC_WARN_ABOUT_RETURN_TYPE = YES_ERROR;
				GCC_WARN_UNDECLARED_SELECTOR = YES;
				GCC_WARN_UNINITIALIZED_AUTOS = YES_AGGRESSIVE;
				GCC_WARN_UNUSED_FUNCTION = YES;
				GCC_WARN_UNUSED_VARIABLE = YES;
				IPHONEOS_DEPLOYMENT_TARGET = 16.4;
				MTL_ENABLE_DEBUG_INFO = INCLUDE_SOURCE;
				MTL_FAST_MATH = YES;
				ONLY_ACTIVE_ARCH = YES;
				SDKROOT = iphoneos;
				SWIFT_ACTIVE_COMPILATION_CONDITIONS = DEBUG;
				SWIFT_OPTIMIZATION_LEVEL = "-Onone";
			};
			name = Debug;
		};
		1DE2AAAA29EE8A9700C5B044 /* Release */ = {
			isa = XCBuildConfiguration;
			buildSettings = {
				ALWAYS_SEARCH_USER_PATHS = NO;
				CLANG_ANALYZER_NONNULL = YES;
				CLANG_ANALYZER_NUMBER_OBJECT_CONVERSION = YES_AGGRESSIVE;
				CLANG_CXX_LANGUAGE_STANDARD = "gnu++20";
				CLANG_ENABLE_MODULES = YES;
				CLANG_ENABLE_OBJC_ARC = YES;
				CLANG_ENABLE_OBJC_WEAK = YES;
				CLANG_WARN_BLOCK_CAPTURE_AUTORELEASING = YES;
				CLANG_WARN_BOOL_CONVERSION = YES;
				CLANG_WARN_COMMA = YES;
				CLANG_WARN_CONSTANT_CONVERSION = YES;
				CLANG_WARN_DEPRECATED_OBJC_IMPLEMENTATIONS = YES;
				CLANG_WARN_DIRECT_OBJC_ISA_USAGE = YES_ERROR;
				CLANG_WARN_DOCUMENTATION_COMMENTS = YES;
				CLANG_WARN_EMPTY_BODY = YES;
				CLANG_WARN_ENUM_CONVERSION = YES;
				CLANG_WARN_INFINITE_RECURSION = YES;
				CLANG_WARN_INT_CONVERSION = YES;
				CLANG_WARN_NON_LITERAL_NULL_CONVERSION = YES;
				CLANG_WARN_OBJC_IMPLICIT_RETAIN_SELF = YES;
				CLANG_WARN_OBJC_LITERAL_CONVERSION = YES;
				CLANG_WARN_OBJC_ROOT_CLASS = YES_ERROR;
				CLANG_WARN_QUOTED_INCLUDE_IN_FRAMEWORK_HEADER = YES;
				CLANG_WARN_RANGE_LOOP_ANALYSIS = YES;
				CLANG_WARN_STRICT_PROTOTYPES = YES;
				CLANG_WARN_SUSPICIOUS_MOVE = YES;
				CLANG_WARN_UNGUARDED_AVAILABILITY = YES_AGGRESSIVE;
				CLANG_WARN_UNREACHABLE_CODE = YES;
				CLANG_WARN__DUPLICATE_METHOD_MATCH = YES;
				COPY_PHASE_STRIP = NO;
				DEBUG_INFORMATION_FORMAT = "dwarf-with-dsym";
				ENABLE_NS_ASSERTIONS = NO;
				ENABLE_STRICT_OBJC_MSGSEND = YES;
				GCC_C_LANGUAGE_STANDARD = gnu11;
				GCC_NO_COMMON_BLOCKS = YES;
				GCC_WARN_64_TO_32_BIT_CONVERSION = YES;
				GCC_WARN_ABOUT_RETURN_TYPE = YES_ERROR;
				GCC_WARN_UNDECLARED_SELECTOR = YES;
				GCC_WARN_UNINITIALIZED_AUTOS = YES_AGGRESSIVE;
				GCC_WARN_UNUSED_FUNCTION = YES;
				GCC_WARN_UNUSED_VARIABLE = YES;
				IPHONEOS_DEPLOYMENT_TARGET = 16.4;
				MTL_ENABLE_DEBUG_INFO = NO;
				MTL_FAST_MATH = YES;
				SDKROOT = iphoneos;
				SWIFT_COMPILATION_MODE = wholemodule;
				SWIFT_OPTIMIZATION_LEVEL = "-O";
				VALIDATE_PRODUCT = YES;
			};
			name = Release;
		};
		1DE2AAAC29EE8A9700C5B044 /* Debug */ = {
			isa = XCBuildConfiguration;
			buildSettings = {
				ASSETCATALOG_COMPILER_APPICON_NAME = AppIcon;
				ASSETCATALOG_COMPILER_GLOBAL_ACCENT_COLOR_NAME = AccentColor;
				CODE_SIGN_STYLE = Automatic;
				CURRENT_PROJECT_VERSION = 1;
				DEVELOPMENT_ASSET_PATHS = "\"FU-HabitTracker/Preview Content\"";
				ENABLE_PREVIEWS = YES;
				GENERATE_INFOPLIST_FILE = YES;
				INFOPLIST_KEY_UIApplicationSceneManifest_Generation = YES;
				INFOPLIST_KEY_UIApplicationSupportsIndirectInputEvents = YES;
				INFOPLIST_KEY_UILaunchScreen_Generation = YES;
				INFOPLIST_KEY_UISupportedInterfaceOrientations_iPad = "UIInterfaceOrientationPortrait UIInterfaceOrientationPortraitUpsideDown UIInterfaceOrientationLandscapeLeft UIInterfaceOrientationLandscapeRight";
				INFOPLIST_KEY_UISupportedInterfaceOrientations_iPhone = "UIInterfaceOrientationPortrait UIInterfaceOrientationLandscapeLeft UIInterfaceOrientationLandscapeRight";
				LD_RUNPATH_SEARCH_PATHS = (
					"$(inherited)",
					"@executable_path/Frameworks",
				);
				MARKETING_VERSION = 1.0;
				PRODUCT_BUNDLE_IDENTIFIER = "com.example.FU-HabitTracker";
				PRODUCT_NAME = "$(TARGET_NAME)";
				SWIFT_EMIT_LOC_STRINGS = YES;
				SWIFT_VERSION = 5.0;
				TARGETED_DEVICE_FAMILY = "1,2";
			};
			name = Debug;
		};
		1DE2AAAD29EE8A9700C5B044 /* Release */ = {
			isa = XCBuildConfiguration;
			buildSettings = {
				ASSETCATALOG_COMPILER_APPICON_NAME = AppIcon;
				ASSETCATALOG_COMPILER_GLOBAL_ACCENT_COLOR_NAME = AccentColor;
				CODE_SIGN_STYLE = Automatic;
				CURRENT_PROJECT_VERSION = 1;
				DEVELOPMENT_ASSET_PATHS = "\"FU-HabitTracker/Preview Content\"";
				ENABLE_PREVIEWS = YES;
				GENERATE_INFOPLIST_FILE = YES;
				INFOPLIST_KEY_UIApplicationSceneManifest_Generation = YES;
				INFOPLIST_KEY_UIApplicationSupportsIndirectInputEvents = YES;
				INFOPLIST_KEY_UILaunchScreen_Generation = YES;
				INFOPLIST_KEY_UISupportedInterfaceOrientations_iPad = "UIInterfaceOrientationPortrait UIInterfaceOrientationPortraitUpsideDown UIInterfaceOrientationLandscapeLeft UIInterfaceOrientationLandscapeRight";
				INFOPLIST_KEY_UISupportedInterfaceOrientations_iPhone = "UIInterfaceOrientationPortrait UIInterfaceOrientationLandscapeLeft UIInterfaceOrientationLandscapeRight";
				LD_RUNPATH_SEARCH_PATHS = (
					"$(inherited)",
					"@executable_path/Frameworks",
				);
				MARKETING_VERSION = 1.0;
				PRODUCT_BUNDLE_IDENTIFIER = "com.example.FU-HabitTracker";
				PRODUCT_NAME = "$(TARGET_NAME)";
				SWIFT_EMIT_LOC_STRINGS = YES;
				SWIFT_VERSION = 5.0;
				TARGETED_DEVICE_FAMILY = "1,2";
			};
			name = Release;
		};
		1DE2AAAF29EE8A9700C5B044 /* Debug */ = {
			isa = XCBuildConfiguration;
			buildSettings = {
				ALWAYS_EMBED_SWIFT_STANDARD_LIBRARIES = YES;
				BUNDLE_LOADER = "$(TEST_HOST)";
				CODE_SIGN_STYLE = Automatic;
				CURRENT_PROJECT_VERSION = 1;
				GENERATE_INFOPLIST_FILE = YES;
				IPHONEOS_DEPLOYMENT_TARGET = 16.4;
				MARKETING_VERSION = 1.0;
				PRODUCT_BUNDLE_IDENTIFIER = "com.example.FU-HabitTrackerTests";
				PRODUCT_NAME = "$(TARGET_NAME)";
				SWIFT_EMIT_LOC_STRINGS = NO;
				SWIFT_VERSION = 5.0;
				TARGETED_DEVICE_FAMILY = "1,2";
				TEST_HOST = "$(BUILT_PRODUCTS_DIR)/FU-HabitTracker.app/$(BUNDLE_EXECUTABLE_FOLDER_PATH)/FU-HabitTracker";
			};
			name = Debug;
		};
		1DE2AAB029EE8A9700C5B044 /* Release */ = {
			isa = XCBuildConfiguration;
			buildSettings = {
				ALWAYS_EMBED_SWIFT_STANDARD_LIBRARIES = YES;
				BUNDLE_LOADER = "$(TEST_HOST)";
				CODE_SIGN_STYLE = Automatic;
				CURRENT_PROJECT_VERSION = 1;
				GENERATE_INFOPLIST_FILE = YES;
				IPHONEOS_DEPLOYMENT_TARGET = 16.4;
				MARKETING_VERSION = 1.0;
				PRODUCT_BUNDLE_IDENTIFIER = "com.example.FU-HabitTrackerTests";
				PRODUCT_NAME = "$(TARGET_NAME)";
				SWIFT_EMIT_LOC_STRINGS = NO;
				SWIFT_VERSION = 5.0;
				TARGETED_DEVICE_FAMILY = "1,2";
				TEST_HOST = "$(BUILT_PRODUCTS_DIR)/FU-HabitTracker.app/$(BUNDLE_EXECUTABLE_FOLDER_PATH)/FU-HabitTracker";
			};
			name = Release;
		};
		1DE2AAB229EE8A9700C5B044 /* Debug */ = {
			isa = XCBuildConfiguration;
			buildSettings = {
				ALWAYS_EMBED_SWIFT_STANDARD_LIBRARIES = YES;
				CODE_SIGN_STYLE = Automatic;
				CURRENT_PROJECT_VERSION = 1;
				GENERATE_INFOPLIST_FILE = YES;
				MARKETING_VERSION = 1.0;
				PRODUCT_BUNDLE_IDENTIFIER = "com.example.FU-HabitTrackerUITests";
				PRODUCT_NAME = "$(TARGET_NAME)";
				SWIFT_EMIT_LOC_STRINGS = NO;
				SWIFT_VERSION = 5.0;
				TARGETED_DEVICE_FAMILY = "1,2";
				TEST_TARGET_NAME = "FU-HabitTracker";
			};
			name = Debug;
		};
		1DE2AAB329EE8A9700C5B044 /* Release */ = {
			isa = XCBuildConfiguration;
			buildSettings = {
				ALWAYS_EMBED_SWIFT_STANDARD_LIBRARIES = YES;
				CODE_SIGN_STYLE = Automatic;
				CURRENT_PROJECT_VERSION = 1;
				GENERATE_INFOPLIST_FILE = YES;
				MARKETING_VERSION = 1.0;
				PRODUCT_BUNDLE_IDENTIFIER = "com.example.FU-HabitTrackerUITests";
				PRODUCT_NAME = "$(TARGET_NAME)";
				SWIFT_EMIT_LOC_STRINGS = NO;
				SWIFT_VERSION = 5.0;
				TARGETED_DEVICE_FAMILY = "1,2";
				TEST_TARGET_NAME = "FU-HabitTracker";
			};
			name = Release;
		};
/* End XCBuildConfiguration section */

/* Begin XCConfigurationList section */
		1DE2AA8229EE8A9400C5B044 /* Build configuration list for PBXProject "FU-HabitTracker" */ = {
			isa = XCConfigurationList;
			buildConfigurations = (
				1DE2AAA929EE8A9700C5B044 /* Debug */,
				1DE2AAAA29EE8A9700C5B044 /* Release */,
			);
			defaultConfigurationIsVisible = 0;
			defaultConfigurationName = Release;
		};
		1DE2AAAB29EE8A9700C5B044 /* Build configuration list for PBXNativeTarget "FU-HabitTracker" */ = {
			isa = XCConfigurationList;
			buildConfigurations = (
				1DE2AAAC29EE8A9700C5B044 /* Debug */,
				1DE2AAAD29EE8A9700C5B044 /* Release */,
			);
			defaultConfigurationIsVisible = 0;
			defaultConfigurationName = Release;
		};
		1DE2AAAE29EE8A9700C5B044 /* Build configuration list for PBXNativeTarget "FU-HabitTrackerTests" */ = {
			isa = XCConfigurationList;
			buildConfigurations = (
				1DE2AAAF29EE8A9700C5B044 /* Debug */,
				1DE2AAB029EE8A9700C5B044 /* Release */,
			);
			defaultConfigurationIsVisible = 0;
			defaultConfigurationName = Release;
		};
		1DE2AAB129EE8A9700C5B044 /* Build configuration list for PBXNativeTarget "FU-HabitTrackerUITests" */ = {
			isa = XCConfigurationList;
			buildConfigurations = (
				1DE2AAB229EE8A9700C5B044 /* Debug */,
				1DE2AAB329EE8A9700C5B044 /* Release */,
			);
			defaultConfigurationIsVisible = 0;
			defaultConfigurationName = Release;
		};
/* End XCConfigurationList section */

/* Begin XCRemoteSwiftPackageReference section */
		1D90AC1029F0299D0010BF9C /* XCRemoteSwiftPackageReference "FSCalendar" */ = {
			isa = XCRemoteSwiftPackageReference;
			repositoryURL = "https://github.com/WenchaoD/FSCalendar";
			requirement = {
				kind = upToNextMajorVersion;
				minimumVersion = 2.0.0;
			};
		};
		1DE2AABC29EE8EFF00C5B044 /* XCRemoteSwiftPackageReference "firebase-ios-sdk" */ = {
			isa = XCRemoteSwiftPackageReference;
			repositoryURL = "https://github.com/firebase/firebase-ios-sdk";
			requirement = {
				kind = upToNextMajorVersion;
				minimumVersion = 10.0.0;
			};
		};
/* End XCRemoteSwiftPackageReference section */

/* Begin XCSwiftPackageProductDependency section */
		1D90AC1129F0299E0010BF9C /* FSCalendar */ = {
			isa = XCSwiftPackageProductDependency;
			package = 1D90AC1029F0299D0010BF9C /* XCRemoteSwiftPackageReference "FSCalendar" */;
			productName = FSCalendar;
		};
		1DE2AABD29EE8EFF00C5B044 /* FirebaseAuth */ = {
			isa = XCSwiftPackageProductDependency;
			package = 1DE2AABC29EE8EFF00C5B044 /* XCRemoteSwiftPackageReference "firebase-ios-sdk" */;
			productName = FirebaseAuth;
		};
		1DE2AABF29EE8EFF00C5B044 /* FirebaseFirestore */ = {
			isa = XCSwiftPackageProductDependency;
			package = 1DE2AABC29EE8EFF00C5B044 /* XCRemoteSwiftPackageReference "firebase-ios-sdk" */;
			productName = FirebaseFirestore;
		};
		1DE2AAC129EE8EFF00C5B044 /* FirebaseFirestoreSwift */ = {
			isa = XCSwiftPackageProductDependency;
			package = 1DE2AABC29EE8EFF00C5B044 /* XCRemoteSwiftPackageReference "firebase-ios-sdk" */;
			productName = FirebaseFirestoreSwift;
		};
/* End XCSwiftPackageProductDependency section */
	};
	rootObject = 1DE2AA7F29EE8A9400C5B044 /* Project object */;
}
